
Microsoft Visual Studio Solution File, Format Version 12.00
# Visual Studio Version 17
VisualStudioVersion = 17.5.33530.505
MinimumVisualStudioVersion = 10.0.40219.1
Project("{FAE04EC0-301F-11D3-BF4B-00C04F79EFBC}") = "Domaci3Memento", "Domaci3Memento\Domaci3Memento.csproj", "{6A3FBF41-6F71-4D7A-B29B-568E70FAE81D}"
EndProject
Global
	GlobalSection(SolutionConfigurationPlatforms) = preSolution
		Debug|Any CPU = Debug|Any CPU
		Release|Any CPU = Release|Any CPU
	EndGlobalSection
	GlobalSection(ProjectConfigurationPlatforms) = postSolution
		{6A3FBF41-6F71-4D7A-B29B-568E70FAE81D}.Debug|Any CPU.ActiveCfg = Debug|Any CPU
		{6A3FBF41-6F71-4D7A-B29B-568E70FAE81D}.Debug|Any CPU.Build.0 = Debug|Any CPU
		{6A3FBF41-6F71-4D7A-B29B-568E70FAE81D}.Release|Any CPU.ActiveCfg = Release|Any CPU
		{6A3FBF41-6F71-4D7A-B29B-568E70FAE81D}.Release|Any CPU.Build.0 = Release|Any CPU
	EndGlobalSection
	GlobalSection(SolutionProperties) = preSolution
		HideSolutionNode = FALSE
	EndGlobalSection
	GlobalSection(ExtensibilityGlobals) = postSolution
		SolutionGuid = {EE9EF016-E8E8-4763-BF38-20D6151C7A93}
	EndGlobalSection
EndGlobal
